// !$*UTF8*$!
{
	archiveVersion = 1;
	classes = {
	};
	objectVersion = 50;
	objects = {

/* Begin PBXBuildFile section */
		69E2A5E525F744BD00F576E6 /* AppDelegate.swift in Sources */ = {isa = PBXBuildFile; fileRef = 69E2A5E425F744BD00F576E6 /* AppDelegate.swift */; };
		69E2A5E725F744BD00F576E6 /* ViewController.swift in Sources */ = {isa = PBXBuildFile; fileRef = 69E2A5E625F744BD00F576E6 /* ViewController.swift */; };
		69E2A5EA25F744BD00F576E6 /* Main.storyboard in Resources */ = {isa = PBXBuildFile; fileRef = 69E2A5E825F744BD00F576E6 /* Main.storyboard */; };
		69E2A5EC25F744BF00F576E6 /* Assets.xcassets in Resources */ = {isa = PBXBuildFile; fileRef = 69E2A5EB25F744BF00F576E6 /* Assets.xcassets */; };
		69E2A5EF25F744BF00F576E6 /* LaunchScreen.storyboard in Resources */ = {isa = PBXBuildFile; fileRef = 69E2A5ED25F744BF00F576E6 /* LaunchScreen.storyboard */; };
		69E2A5FA25F7452E00F576E6 /* ExpeloViewModel.swift in Sources */ = {isa = PBXBuildFile; fileRef = 69E2A5F925F7452E00F576E6 /* ExpeloViewModel.swift */; };
		69E2A5FC25F7454C00F576E6 /* Company.swift in Sources */ = {isa = PBXBuildFile; fileRef = 69E2A5FB25F7454C00F576E6 /* Company.swift */; };
		69E2A5FE25F7456E00F576E6 /* ExpleoView.swift in Sources */ = {isa = PBXBuildFile; fileRef = 69E2A5FD25F7456E00F576E6 /* ExpleoView.swift */; };
/* End PBXBuildFile section */

/* Begin PBXFileReference section */
		69E2A5E125F744BD00F576E6 /* ExpleoMVVMDemo.app */ = {isa = PBXFileReference; explicitFileType = wrapper.application; includeInIndex = 0; path = ExpleoMVVMDemo.app; sourceTree = BUILT_PRODUCTS_DIR; };
		69E2A5E425F744BD00F576E6 /* AppDelegate.swift */ = {isa = PBXFileReference; lastKnownFileType = sourcecode.swift; path = AppDelegate.swift; sourceTree = "<group>"; };
		69E2A5E625F744BD00F576E6 /* ViewController.swift */ = {isa = PBXFileReference; lastKnownFileType = sourcecode.swift; path = ViewController.swift; sourceTree = "<group>"; };
		69E2A5E925F744BD00F576E6 /* Base */ = {isa = PBXFileReference; lastKnownFileType = file.storyboard; name = Base; path = Base.lproj/Main.storyboard; sourceTree = "<group>"; };
		69E2A5EB25F744BF00F576E6 /* Assets.xcassets */ = {isa = PBXFileReference; lastKnownFileType = folder.assetcatalog; path = Assets.xcassets; sourceTree = "<group>"; };
		69E2A5EE25F744BF00F576E6 /* Base */ = {isa = PBXFileReference; lastKnownFileType = file.storyboard; name = Base; path = Base.lproj/LaunchScreen.storyboard; sourceTree = "<group>"; };
		69E2A5F025F744BF00F576E6 /* Info.plist */ = {isa = PBXFileReference; lastKnownFileType = text.plist.xml; path = Info.plist; sourceTree = "<group>"; };
		69E2A5F925F7452E00F576E6 /* ExpeloViewModel.swift */ = {isa = PBXFileReference; lastKnownFileType = sourcecode.swift; path = ExpeloViewModel.swift; sourceTree = "<group>"; };
		69E2A5FB25F7454C00F576E6 /* Company.swift */ = {isa = PBXFileReference; lastKnownFileType = sourcecode.swift; path = Company.swift; sourceTree = "<group>"; };
		69E2A5FD25F7456E00F576E6 /* ExpleoView.swift */ = {isa = PBXFileReference; lastKnownFileType = sourcecode.swift; path = ExpleoView.swift; sourceTree = "<group>"; };
/* End PBXFileReference section */

/* Begin PBXFrameworksBuildPhase section */
		69E2A5DE25F744BD00F576E6 /* Frameworks */ = {
			isa = PBXFrameworksBuildPhase;
			buildActionMask = 2147483647;
			files = (
			);
			runOnlyForDeploymentPostprocessing = 0;
		};
/* End PBXFrameworksBuildPhase section */

/* Begin PBXGroup section */
		69E2A5D825F744BD00F576E6 = {
			isa = PBXGroup;
			children = (
				69E2A5E325F744BD00F576E6 /* ExpleoMVVMDemo */,
				69E2A5E225F744BD00F576E6 /* Products */,
			);
			sourceTree = "<group>";
		};
		69E2A5E225F744BD00F576E6 /* Products */ = {
			isa = PBXGroup;
			children = (
				69E2A5E125F744BD00F576E6 /* ExpleoMVVMDemo.app */,
			);
			name = Products;
			sourceTree = "<group>";
		};
		69E2A5E325F744BD00F576E6 /* ExpleoMVVMDemo */ = {
			isa = PBXGroup;
			children = (
				69E2A5F825F7450200F576E6 /* viewModel */,
				69E2A5F725F744FB00F576E6 /* model */,
				69E2A5F625F744F300F576E6 /* view */,
				69E2A5E425F744BD00F576E6 /* AppDelegate.swift */,
				69E2A5E825F744BD00F576E6 /* Main.storyboard */,
				69E2A5EB25F744BF00F576E6 /* Assets.xcassets */,
				69E2A5ED25F744BF00F576E6 /* LaunchScreen.storyboard */,
				69E2A5F025F744BF00F576E6 /* Info.plist */,
			);
			path = ExpleoMVVMDemo;
			sourceTree = "<group>";
		};
		69E2A5F625F744F300F576E6 /* view */ = {
			isa = PBXGroup;
			children = (
				69E2A5E625F744BD00F576E6 /* ViewController.swift */,
				69E2A5FD25F7456E00F576E6 /* ExpleoView.swift */,
			);
			path = view;
			sourceTree = "<group>";
		};
		69E2A5F725F744FB00F576E6 /* model */ = {
			isa = PBXGroup;
			children = (
				69E2A5FB25F7454C00F576E6 /* Company.swift */,
			);
			path = model;
			sourceTree = "<group>";
		};
		69E2A5F825F7450200F576E6 /* viewModel */ = {
			isa = PBXGroup;
			children = (
				69E2A5F925F7452E00F576E6 /* ExpeloViewModel.swift */,
			);
			path = viewModel;
			sourceTree = "<group>";
		};
/* End PBXGroup section */

/* Begin PBXNativeTarget section */
		69E2A5E025F744BD00F576E6 /* ExpleoMVVMDemo */ = {
			isa = PBXNativeTarget;
			buildConfigurationList = 69E2A5F325F744BF00F576E6 /* Build configuration list for PBXNativeTarget "ExpleoMVVMDemo" */;
			buildPhases = (
				69E2A5DD25F744BD00F576E6 /* Sources */,
				69E2A5DE25F744BD00F576E6 /* Frameworks */,
				69E2A5DF25F744BD00F576E6 /* Resources */,
			);
			buildRules = (
			);
			dependencies = (
			);
			name = ExpleoMVVMDemo;
			productName = ExpleoMVVMDemo;
			productReference = 69E2A5E125F744BD00F576E6 /* ExpleoMVVMDemo.app */;
			productType = "com.apple.product-type.application";
		};
/* End PBXNativeTarget section */

/* Begin PBXProject section */
		69E2A5D925F744BD00F576E6 /* Project object */ = {
			isa = PBXProject;
			attributes = {
				LastSwiftUpdateCheck = 1010;
				LastUpgradeCheck = 1010;
				ORGANIZATIONNAME = Expleo;
				TargetAttributes = {
					69E2A5E025F744BD00F576E6 = {
						CreatedOnToolsVersion = 10.1;
					};
				};
			};
			buildConfigurationList = 69E2A5DC25F744BD00F576E6 /* Build configuration list for PBXProject "ExpleoMVVMDemo" */;
			compatibilityVersion = "Xcode 9.3";
			developmentRegion = en;
			hasScannedForEncodings = 0;
			knownRegions = (
				en,
				Base,
			);
			mainGroup = 69E2A5D825F744BD00F576E6;
			productRefGroup = 69E2A5E225F744BD00F576E6 /* Products */;
			projectDirPath = "";
			projectRoot = "";
			targets = (
				69E2A5E025F744BD00F576E6 /* ExpleoMVVMDemo */,
			);
		};
/* End PBXProject section */

/* Begin PBXResourcesBuildPhase section */
		69E2A5DF25F744BD00F576E6 /* Resources */ = {
			isa = PBXResourcesBuildPhase;
			buildActionMask = 2147483647;
			files = (
				69E2A5EF25F744BF00F576E6 /* LaunchScreen.storyboard in Resources */,
				69E2A5EC25F744BF00F576E6 /* Assets.xcassets in Resources */,
				69E2A5EA25F744BD00F576E6 /* Main.storyboard in Resources */,
			);
			runOnlyForDeploymentPostprocessing = 0;
		};
/* End PBXResourcesBuildPhase section */

/* Begin PBXSourcesBuildPhase section */
		69E2A5DD25F744BD00F576E6 /* Sources */ = {
			isa = PBXSourcesBuildPhase;
			buildActionMask = 2147483647;
			files = (
				69E2A5E725F744BD00F576E6 /* ViewController.swift in Sources */,
				69E2A5FA25F7452E00F576E6 /* ExpeloViewModel.swift in Sources */,
				69E2A5E525F744BD00F576E6 /* AppDelegate.swift in Sources */,
				69E2A5FE25F7456E00F576E6 /* ExpleoView.swift in Sources */,
				69E2A5FC25F7454C00F576E6 /* Company.swift in Sources */,
			);
			runOnlyForDeploymentPostprocessing = 0;
		};
/* End PBXSourcesBuildPhase section */

/* Begin PBXVariantGroup section */
		69E2A5E825F744BD00F576E6 /* Main.storyboard */ = {
			isa = PBXVariantGroup;
			children = (
				69E2A5E925F744BD00F576E6 /* Base */,
			);
			name = Main.storyboard;
			sourceTree = "<group>";
		};
		69E2A5ED25F744BF00F576E6 /* LaunchScreen.storyboard */ = {
			isa = PBXVariantGroup;
			children = (
				69E2A5EE25F744BF00F576E6 /* Base */,
			);
			name = LaunchScreen.storyboard;
			sourceTree = "<group>";
		};
/* End PBXVariantGroup section */

/* Begin XCBuildConfiguration section */
		69E2A5F125F744BF00F576E6 /* Debug */ = {
			isa = XCBuildConfiguration;
			buildSettings = {
				ALWAYS_SEARCH_USER_PATHS = NO;
				CLANG_ANALYZER_NONNULL = YES;
				CLANG_ANALYZER_NUMBER_OBJECT_CONVERSION = YES_AGGRESSIVE;
				CLANG_CXX_LANGUAGE_STANDARD = "gnu++14";
				CLANG_CXX_LIBRARY = "libc++";
				CLANG_ENABLE_MODULES = YES;
				CLANG_ENABLE_OBJC_ARC = YES;
				CLANG_ENABLE_OBJC_WEAK = YES;
				CLANG_WARN_BLOCK_CAPTURE_AUTORELEASING = YES;
				CLANG_WARN_BOOL_CONVERSION = YES;
				CLANG_WARN_COMMA = YES;
				CLANG_WARN_CONSTANT_CONVERSION = YES;
				CLANG_WARN_DEPRECATED_OBJC_IMPLEMENTATIONS = YES;
				CLANG_WARN_DIRECT_OBJC_ISA_USAGE = YES_ERROR;
				CLANG_WARN_DOCUMENTATION_COMMENTS = YES;
				CLANG_WARN_EMPTY_BODY = YES;
				CLANG_WARN_ENUM_CONVERSION = YES;
				CLANG_WARN_INFINITE_RECURSION = YES;
				CLANG_WARN_INT_CONVERSION = YES;
				CLANG_WARN_NON_LITERAL_NULL_CONVERSION = YES;
				CLANG_WARN_OBJC_IMPLICIT_RETAIN_SELF = YES;
				CLANG_WARN_OBJC_LITERAL_CONVERSION = YES;
				CLANG_WARN_OBJC_ROOT_CLASS = YES_ERROR;
				CLANG_WARN_RANGE_LOOP_ANALYSIS = YES;
				CLANG_WARN_STRICT_PROTOTYPES = YES;
				CLANG_WARN_SUSPICIOUS_MOVE = YES;
				CLANG_WARN_UNGUARDED_AVAILABILITY = YES_AGGRESSIVE;
				CLANG_WARN_UNREACHABLE_CODE = YES;
				CLANG_WARN__DUPLICATE_METHOD_MATCH = YES;
				CODE_SIGN_IDENTITY = "iPhone Developer";
				COPY_PHASE_STRIP = NO;
				DEBUG_INFORMATION_FORMAT = dwarf;
				ENABLE_STRICT_OBJC_MSGSEND = YES;
				ENABLE_TESTABILITY = YES;
				GCC_C_LANGUAGE_STANDARD = gnu11;
				GCC_DYNAMIC_NO_PIC = NO;
				GCC_NO_COMMON_BLOCKS = YES;
				GCC_OPTIMIZATION_LEVEL = 0;
				GCC_PREPROCESSOR_DEFINITIONS = (
					"DEBUG=1",
					"$(inherited)",
				);
				GCC_WARN_64_TO_32_BIT_CONVERSION = YES;
				GCC_WARN_ABOUT_RETURN_TYPE = YES_ERROR;
				GCC_WARN_UNDECLARED_SELECTOR = YES;
				GCC_WARN_UNINITIALIZED_AUTOS = YES_AGGRESSIVE;
				GCC_WARN_UNUSED_FUNCTION = YES;
				GCC_WARN_UNUSED_VARIABLE = YES;
				IPHONEOS_DEPLOYMENT_TARGET = 12.1;
				MTL_ENABLE_DEBUG_INFO = INCLUDE_SOURCE;
				MTL_FAST_MATH = YES;
				ONLY_ACTIVE_ARCH = YES;
				SDKROOT = iphoneos;
				SWIFT_ACTIVE_COMPILATION_CONDITIONS = DEBUG;
				SWIFT_OPTIMIZATION_LEVEL = "-Onone";
			};
			name = Debug;
		};
		69E2A5F225F744BF00F576E6 /* Release */ = {
			isa = XCBuildConfiguration;
			buildSettings = {
				ALWAYS_SEARCH_USER_PATHS = NO;
				CLANG_ANALYZER_NONNULL = YES;
				CLANG_ANALYZER_NUMBER_OBJECT_CONVERSION = YES_AGGRESSIVE;
				CLANG_CXX_LANGUAGE_STANDARD = "gnu++14";
				CLANG_CXX_LIBRARY = "libc++";
				CLANG_ENABLE_MODULES = YES;
				CLANG_ENABLE_OBJC_ARC = YES;
				CLANG_ENABLE_OBJC_WEAK = YES;
				CLANG_WARN_BLOCK_CAPTURE_AUTORELEASING = YES;
				CLANG_WARN_BOOL_CONVERSION = YES;
				CLANG_WARN_COMMA = YES;
				CLANG_WARN_CONSTANT_CONVERSION = YES;
				CLANG_WARN_DEPRECATED_OBJC_IMPLEMENTATIONS = YES;
				CLANG_WARN_DIRECT_OBJC_ISA_USAGE = YES_ERROR;
				CLANG_WARN_DOCUMENTATION_COMMENTS = YES;
				CLANG_WARN_EMPTY_BODY = YES;
				CLANG_WARN_ENUM_CONVERSION = YES;
				CLANG_WARN_INFINITE_RECURSION = YES;
				CLANG_WARN_INT_CONVERSION = YES;
				CLANG_WARN_NON_LITERAL_NULL_CONVERSION = YES;
				CLANG_WARN_OBJC_IMPLICIT_RETAIN_SELF = YES;
				CLANG_WARN_OBJC_LITERAL_CONVERSION = YES;
				CLANG_WARN_OBJC_ROOT_CLASS = YES_ERROR;
				CLANG_WARN_RANGE_LOOP_ANALYSIS = YES;
				CLANG_WARN_STRICT_PROTOTYPES = YES;
				CLANG_WARN_SUSPICIOUS_MOVE = YES;
				CLANG_WARN_UNGUARDED_AVAILABILITY = YES_AGGRESSIVE;
				CLANG_WARN_UNREACHABLE_CODE = YES;
				CLANG_WARN__DUPLICATE_METHOD_MATCH = YES;
				CODE_SIGN_IDENTITY = "iPhone Developer";
				COPY_PHASE_STRIP = NO;
				DEBUG_INFORMATION_FORMAT = "dwarf-with-dsym";
				ENABLE_NS_ASSERTIONS = NO;
				ENABLE_STRICT_OBJC_MSGSEND = YES;
				GCC_C_LANGUAGE_STANDARD = gnu11;
				GCC_NO_COMMON_BLOCKS = YES;
				GCC_WARN_64_TO_32_BIT_CONVERSION = YES;
				GCC_WARN_ABOUT_RETURN_TYPE = YES_ERROR;
				GCC_WARN_UNDECLARED_SELECTOR = YES;
				GCC_WARN_UNINITIALIZED_AUTOS = YES_AGGRESSIVE;
				GCC_WARN_UNUSED_FUNCTION = YES;
				GCC_WARN_UNUSED_VARIABLE = YES;
				IPHONEOS_DEPLOYMENT_TARGET = 12.1;
				MTL_ENABLE_DEBUG_INFO = NO;
				MTL_FAST_MATH = YES;
				SDKROOT = iphoneos;
				SWIFT_COMPILATION_MODE = wholemodule;
				SWIFT_OPTIMIZATION_LEVEL = "-O";
				VALIDATE_PRODUCT = YES;
			};
			name = Release;
		};
		69E2A5F425F744BF00F576E6 /* Debug */ = {
			isa = XCBuildConfiguration;
			buildSettings = {
				ASSETCATALOG_COMPILER_APPICON_NAME = AppIcon;
				CODE_SIGN_STYLE = Automatic;
				INFOPLIST_FILE = ExpleoMVVMDemo/Info.plist;
				LD_RUNPATH_SEARCH_PATHS = (
					"$(inherited)",
					"@executable_path/Frameworks",
				);
				PRODUCT_BUNDLE_IDENTIFIER = com.expleo.ExpleoMVVMDemo;
				PRODUCT_NAME = "$(TARGET_NAME)";
				SWIFT_VERSION = 4.2;
				TARGETED_DEVICE_FAMILY = "1,2";
			};
			name = Debug;
		};
		69E2A5F525F744BF00F576E6 /* Release */ = {
			isa = XCBuildConfiguration;
			buildSettings = {
				ASSETCATALOG_COMPILER_APPICON_NAME = AppIcon;
				CODE_SIGN_STYLE = Automatic;
				INFOPLIST_FILE = ExpleoMVVMDemo/Info.plist;
				LD_RUNPATH_SEARCH_PATHS = (
					"$(inherited)",
					"@executable_path/Frameworks",
				);
				PRODUCT_BUNDLE_IDENTIFIER = com.expleo.ExpleoMVVMDemo;
				PRODUCT_NAME = "$(TARGET_NAME)";
				SWIFT_VERSION = 4.2;
				TARGETED_DEVICE_FAMILY = "1,2";
			};
			name = Release;
		};
/* End XCBuildConfiguration section */

/* Begin XCConfigurationList section */
		69E2A5DC25F744BD00F576E6 /* Build configuration list for PBXProject "ExpleoMVVMDemo" */ = {
			isa = XCConfigurationList;
			buildConfigurations = (
				69E2A5F125F744BF00F576E6 /* Debug */,
				69E2A5F225F744BF00F576E6 /* Release */,
			);
			defaultConfigurationIsVisible = 0;
			defaultConfigurationName = Release;
		};
		69E2A5F325F744BF00F576E6 /* Build configuration list for PBXNativeTarget "ExpleoMVVMDemo" */ = {
			isa = XCConfigurationList;
			buildConfigurations = (
				69E2A5F425F744BF00F576E6 /* Debug */,
				69E2A5F525F744BF00F576E6 /* Release */,
			);
			defaultConfigurationIsVisible = 0;
			defaultConfigurationName = Release;
		};
/* End XCConfigurationList section */
	};
	rootObject = 69E2A5D925F744BD00F576E6 /* Project object */;
}
